
Microsoft Visual Studio Solution File, Format Version 12.00
# Visual Studio Version 16
VisualStudioVersion = 16.0.30907.101
MinimumVisualStudioVersion = 10.0.40219.1
Project("{FAE04EC0-301F-11D3-BF4B-00C04F79EFBC}") = "InventorMockExample", "InventorMockExample\InventorMockExample.csproj", "{162649BD-A260-474C-9CA1-AA6A38CC8C48}"
EndProject
Project("{FAE04EC0-301F-11D3-BF4B-00C04F79EFBC}") = "Tests", "Tests\Tests.csproj", "{1B62EDA2-2706-4FB9-BD35-54A017E4C81B}"
EndProject
Global
	GlobalSection(SolutionConfigurationPlatforms) = preSolution
		Debug|Any CPU = Debug|Any CPU
		Release|Any CPU = Release|Any CPU
	EndGlobalSection
	GlobalSection(ProjectConfigurationPlatforms) = postSolution
		{162649BD-A260-474C-9CA1-AA6A38CC8C48}.Debug|Any CPU.ActiveCfg = Debug|Any CPU
		{162649BD-A260-474C-9CA1-AA6A38CC8C48}.Debug|Any CPU.Build.0 = Debug|Any CPU
		{162649BD-A260-474C-9CA1-AA6A38CC8C48}.Release|Any CPU.ActiveCfg = Release|Any CPU
		{162649BD-A260-474C-9CA1-AA6A38CC8C48}.Release|Any CPU.Build.0 = Release|Any CPU
		{1B62EDA2-2706-4FB9-BD35-54A017E4C81B}.Debug|Any CPU.ActiveCfg = Debug|Any CPU
		{1B62EDA2-2706-4FB9-BD35-54A017E4C81B}.Debug|Any CPU.Build.0 = Debug|Any CPU
		{1B62EDA2-2706-4FB9-BD35-54A017E4C81B}.Release|Any CPU.ActiveCfg = Release|Any CPU
		{1B62EDA2-2706-4FB9-BD35-54A017E4C81B}.Release|Any CPU.Build.0 = Release|Any CPU
	EndGlobalSection
	GlobalSection(SolutionProperties) = preSolution
		HideSolutionNode = FALSE
	EndGlobalSection
	GlobalSection(ExtensibilityGlobals) = postSolution
		SolutionGuid = {884E7A47-5C35-4427-ACC7-D0C83F5B0661}
	EndGlobalSection
EndGlobal
